
Microsoft Visual Studio Solution File, Format Version 12.00
# Visual Studio 14
VisualStudioVersion = 14.0.25420.1
MinimumVisualStudioVersion = 10.0.40219.1
Project("{FAE04EC0-301F-11D3-BF4B-00C04F79EFBC}") = "Minary", "Minary\Minary.csproj", "{24E79FC6-7777-4BE5-8F11-8C53E109D745}"
EndProject
Project("{FAE04EC0-301F-11D3-BF4B-00C04F79EFBC}") = "Plugin_Systems", "Plugins\Plugin_Systems\Plugin_Systems.csproj", "{32D8CB30-CA97-4516-9114-121667C06013}"
EndProject
Project("{FAE04EC0-301F-11D3-BF4B-00C04F79EFBC}") = "Plugin_Sessions", "Plugins\Plugin_Sessions\Plugin_Sessions.csproj", "{6119FBE1-E922-48F5-AAD2-B2E6B577C227}"
EndProject
Project("{FAE04EC0-301F-11D3-BF4B-00C04F79EFBC}") = "Plugin_DnsPoisoning", "Plugins\Plugin_DnsPoisoning\Plugin_DnsPoisoning.csproj", "{38988610-F24B-4D5D-A51C-883629D197EE}"
EndProject
Project("{FAE04EC0-301F-11D3-BF4B-00C04F79EFBC}") = "Plugin_HttpAccounts", "Plugins\Plugin_HttpAccounts\Plugin_HttpAccounts.csproj", "{9D94A904-FE28-4616-A371-4D4110BDD3FC}"
EndProject
Project("{8BC9CEB8-8B4A-11D0-8D11-00A0C91BC942}") = "Ape", "Tools\Ape\Ape.vcxproj", "{EE757BA9-3018-40F6-A4BF-B801DD65FF66}"
EndProject
Project("{FAE04EC0-301F-11D3-BF4B-00C04F79EFBC}") = "Plugin_DnsRequests", "Plugins\Plugin_DNSRequests\Plugin_DnsRequests.csproj", "{ED75AD9C-F1D0-40A9-A909-8CF696DE0410}"
EndProject
Project("{FAE04EC0-301F-11D3-BF4B-00C04F79EFBC}") = "Plugin_HttpRequests", "Plugins\Plugin_HttpRequests\Plugin_HttpRequests.csproj", "{72A87F34-68CE-430A-8047-970E5EEDDD81}"
EndProject
Project("{FAE04EC0-301F-11D3-BF4B-00C04F79EFBC}") = "Plugin_Firewall", "Plugins\Plugin_Firewall\Plugin_Firewall.csproj", "{C8587602-0BE2-4D57-8A1D-1EBCDD5878B6}"
EndProject
Project("{FAE04EC0-301F-11D3-BF4B-00C04F79EFBC}") = "Plugin_HttpRequestRedirect", "Plugins\Plugin_HttpRequestRedirect\Plugin_HttpRequestRedirect.csproj", "{8AE47684-3371-4CB3-AA73-A7E5CC6570CB}"
EndProject
Project("{2150E333-8FDC-42A3-9474-1A3956D46DE8}") = "Tools", "Tools", "{55D3302D-F7A7-40D9-8DAF-7072F171C6A6}"
EndProject
Project("{2150E333-8FDC-42A3-9474-1A3956D46DE8}") = "Plugins", "Plugins", "{9B621DFB-41D8-45E2-9395-20A136D7A161}"
EndProject
Project("{2150E333-8FDC-42A3-9474-1A3956D46DE8}") = "Libs", "Libs", "{5D500B72-555F-403D-B5D2-D28B411A2156}"
EndProject
Project("{8BC9CEB8-8B4A-11D0-8D11-00A0C91BC942}") = "DhcPoison", "Tools\DhcPoison\DhcPoison.vcxproj", "{8B1EB1AF-9926-4AF4-9F01-A35C6DDD34A9}"
EndProject
Project("{2150E333-8FDC-42A3-9474-1A3956D46DE8}") = "Minary", "Minary", "{D927C569-84A0-4663-AA24-2C7272695BD7}"
EndProject
Project("{2150E333-8FDC-42A3-9474-1A3956D46DE8}") = "Payloads", "Payloads", "{64CF1144-E643-48C9-B4FE-C41D9F3B86A9}"
EndProject
Project("{8BC9CEB8-8B4A-11D0-8D11-00A0C91BC942}") = "InjectCertificate", "MinaryPayloads\InjectCertificate\InjectCertificate.vcxproj", "{6CD1F565-54CF-4496-96E9-E43FDD5CC61F}"
EndProject
Project("{FAE04EC0-301F-11D3-BF4B-00C04F79EFBC}") = "Plugin_SslStrip", "Plugins\Plugin_SslStrip\Plugin_SslStrip.csproj", "{3639690A-4D81-4085-BD25-27EBB4CB33A3}"
EndProject
Project("{FAE04EC0-301F-11D3-BF4B-00C04F79EFBC}") = "Plugin_BrowserExploitKit", "Plugins\Plugin_BrowserExploitKit\Plugin_BrowserExploitKit.csproj", "{8FF31C47-6E0D-4C28-9569-1251475C02CA}"
EndProject
Project("{FAE04EC0-301F-11D3-BF4B-00C04F79EFBC}") = "MinaryLib", "Libs\MinaryLib\MinaryLib.csproj", "{F40425D4-C8DF-4200-9ABC-F181519671CA}"
EndProject
Project("{FAE04EC0-301F-11D3-BF4B-00C04F79EFBC}") = "SslStrip", "Tools\HttpReverseProxy\SslStrip\SslStrip.csproj", "{D449D92E-27B1-4995-98FB-3BB706F22171}"
EndProject
Project("{FAE04EC0-301F-11D3-BF4B-00C04F79EFBC}") = "HttpReverseProxy", "Tools\HttpReverseProxy\HttpReverseProxy\HttpReverseProxy.csproj", "{613CC690-9772-4A80-8F08-EF9435D471F6}"
EndProject
Project("{2150E333-8FDC-42A3-9474-1A3956D46DE8}") = "HttpReverseProxyPlugin", "HttpReverseProxyPlugin", "{F0BE4CF8-A82C-4558-B0FB-E802C7EDA714}"
EndProject
Project("{FAE04EC0-301F-11D3-BF4B-00C04F79EFBC}") = "ClientRequestSniffer", "Tools\HttpReverseProxy\ClientRequestSniffer\ClientRequestSniffer.csproj", "{E49DF12A-F849-4EE4-A47B-B2A02BA4DB44}"
EndProject
Project("{2150E333-8FDC-42A3-9474-1A3956D46DE8}") = "HttpReverseProxy", "HttpReverseProxy", "{E383DDA1-3321-4DDC-92A3-5023580F807B}"
EndProject
Project("{FAE04EC0-301F-11D3-BF4B-00C04F79EFBC}") = "HttpReverseProxyLib", "Tools\HttpReverseProxy\HttpReverseProxyLib\HttpReverseProxyLib.csproj", "{E30FA5DF-3DBB-41B1-A325-27D478757FFB}"
EndProject
Project("{2150E333-8FDC-42A3-9474-1A3956D46DE8}") = ".nuget", ".nuget", "{C07B5989-2B3E-438B-802C-DA38CE34D3DA}"
	ProjectSection(SolutionItems) = preProject
		.nuget\NuGet.Config = .nuget\NuGet.Config
		.nuget\NuGet.exe = .nuget\NuGet.exe
		.nuget\NuGet.targets = .nuget\NuGet.targets
	EndProjectSection
EndProject
Project("{8BC9CEB8-8B4A-11D0-8D11-00A0C91BC942}") = "ApeSniffer", "Tools\ApeSniffer\ApeSniffer.vcxproj", "{A0D09316-FC10-46A0-95C4-4E37F9BD78DF}"
EndProject
Project("{FAE04EC0-301F-11D3-BF4B-00C04F79EFBC}") = "Weaken", "Tools\HttpReverseProxy\Weaken\Weaken.csproj", "{F96AC5EF-0EF7-4224-B088-BD864BA0F293}"
EndProject
Project("{8BC9CEB8-8B4A-11D0-8D11-00A0C91BC942}") = "DownloadAndRun", "MinaryPayloads\DownloadAndRun\DownloadAndRun.vcxproj", "{153B1D81-ABB3-4D43-A60D-EF379CCDEF53}"
EndProject
Project("{FAE04EC0-301F-11D3-BF4B-00C04F79EFBC}") = "Plugin_HttpInjectFile", "Plugins\Plugin_HttpInjectFile\Plugin_HttpInjectFile.csproj", "{F9BD58B9-646E-4AD1-B072-9D8BEB876E93}"
EndProject
Project("{FAE04EC0-301F-11D3-BF4B-00C04F79EFBC}") = "InjectFile", "Tools\HttpReverseProxy\Inject\InjectFile.csproj", "{FD78F8C5-A16A-4605-9391-9FA74200442D}"
EndProject
Project("{FAE04EC0-301F-11D3-BF4B-00C04F79EFBC}") = "RequestRedirect", "Tools\HttpReverseProxy\RequestRedirect\RequestRedirect.csproj", "{DE17E245-AD36-452A-9555-5EB5DDABD183}"
EndProject
Project("{2150E333-8FDC-42A3-9474-1A3956D46DE8}") = "Solution Items", "Solution Items", "{F2A78C05-ED1A-467D-BED5-4938EA829E19}"
	ProjectSection(SolutionItems) = preProject
		Settings.StyleCop = Settings.StyleCop
	EndProjectSection
EndProject
Project("{FAE04EC0-301F-11D3-BF4B-00C04F79EFBC}") = "HostMapping", "Tools\HttpReverseProxy\HostMapping\HostMapping.csproj", "{2C2FF23C-B3C4-4975-8F25-B97F90E8BFBF}"
EndProject
Project("{FAE04EC0-301F-11D3-BF4B-00C04F79EFBC}") = "Plugin_HttpHostMapping", "Plugins\Plugin_HttpHostMapping\Plugin_HttpHostMapping.csproj", "{B820AFCE-2B60-4A57-A290-BF7D8A457EDD}"
EndProject
Project("{8BC9CEB8-8B4A-11D0-8D11-00A0C91BC942}") = "PackNDrop", "MinaryPayloads\PackNDrop\PackNDrop.vcxproj", "{272C4F5A-FD26-4A59-8EAA-EDE2CB574A15}"
EndProject
Project("{F2A71F9B-5D33-465A-A702-920D77279786}") = "ArpScan", "Tools\ArpScan\ArpScan.fsproj", "{B4EF51EB-2761-466D-ADCE-C98F7E16579D}"
EndProject
Project("{FAE04EC0-301F-11D3-BF4B-00C04F79EFBC}") = "NativeWindowsLib", "Libs\NativeWindowsLib\NativeWindowsLib.csproj", "{48FE6D15-E639-44AE-81D5-D88D89C8C4A6}"
EndProject
Global
	GlobalSection(SolutionConfigurationPlatforms) = preSolution
		Debug|Any CPU = Debug|Any CPU
		Debug|Mixed Platforms = Debug|Mixed Platforms
		Debug|Win32 = Debug|Win32
		Debug|x64 = Debug|x64
		Debug|x86 = Debug|x86
		Release|Any CPU = Release|Any CPU
		Release|Mixed Platforms = Release|Mixed Platforms
		Release|Win32 = Release|Win32
		Release|x64 = Release|x64
		Release|x86 = Release|x86
	EndGlobalSection
	GlobalSection(ProjectConfigurationPlatforms) = postSolution
		{24E79FC6-7777-4BE5-8F11-8C53E109D745}.Debug|Any CPU.ActiveCfg = Debug|Any CPU
		{24E79FC6-7777-4BE5-8F11-8C53E109D745}.Debug|Any CPU.Build.0 = Debug|Any CPU
		{24E79FC6-7777-4BE5-8F11-8C53E109D745}.Debug|Mixed Platforms.ActiveCfg = Debug|Any CPU
		{24E79FC6-7777-4BE5-8F11-8C53E109D745}.Debug|Mixed Platforms.Build.0 = Debug|Any CPU
		{24E79FC6-7777-4BE5-8F11-8C53E109D745}.Debug|Win32.ActiveCfg = Debug|Any CPU
		{24E79FC6-7777-4BE5-8F11-8C53E109D745}.Debug|x64.ActiveCfg = Debug|Any CPU
		{24E79FC6-7777-4BE5-8F11-8C53E109D745}.Debug|x86.ActiveCfg = Debug|Any CPU
		{24E79FC6-7777-4BE5-8F11-8C53E109D745}.Release|Any CPU.ActiveCfg = Release|Any CPU
		{24E79FC6-7777-4BE5-8F11-8C53E109D745}.Release|Any CPU.Build.0 = Release|Any CPU
		{24E79FC6-7777-4BE5-8F11-8C53E109D745}.Release|Mixed Platforms.ActiveCfg = Release|Any CPU
		{24E79FC6-7777-4BE5-8F11-8C53E109D745}.Release|Mixed Platforms.Build.0 = Release|Any CPU
		{24E79FC6-7777-4BE5-8F11-8C53E109D745}.Release|Win32.ActiveCfg = Release|Any CPU
		{24E79FC6-7777-4BE5-8F11-8C53E109D745}.Release|Win32.Build.0 = Release|Any CPU
		{24E79FC6-7777-4BE5-8F11-8C53E109D745}.Release|x64.ActiveCfg = Release|Any CPU
		{24E79FC6-7777-4BE5-8F11-8C53E109D745}.Release|x86.ActiveCfg = Release|Any CPU
		{32D8CB30-CA97-4516-9114-121667C06013}.Debug|Any CPU.ActiveCfg = Debug|Any CPU
		{32D8CB30-CA97-4516-9114-121667C06013}.Debug|Any CPU.Build.0 = Debug|Any CPU
		{32D8CB30-CA97-4516-9114-121667C06013}.Debug|Mixed Platforms.ActiveCfg = Debug|Any CPU
		{32D8CB30-CA97-4516-9114-121667C06013}.Debug|Mixed Platforms.Build.0 = Debug|Any CPU
		{32D8CB30-CA97-4516-9114-121667C06013}.Debug|Win32.ActiveCfg = Debug|Any CPU
		{32D8CB30-CA97-4516-9114-121667C06013}.Debug|x64.ActiveCfg = Debug|Any CPU
		{32D8CB30-CA97-4516-9114-121667C06013}.Debug|x86.ActiveCfg = Debug|Any CPU
		{32D8CB30-CA97-4516-9114-121667C06013}.Release|Any CPU.ActiveCfg = Release|Any CPU
		{32D8CB30-CA97-4516-9114-121667C06013}.Release|Any CPU.Build.0 = Release|Any CPU
		{32D8CB30-CA97-4516-9114-121667C06013}.Release|Mixed Platforms.ActiveCfg = Release|Any CPU
		{32D8CB30-CA97-4516-9114-121667C06013}.Release|Mixed Platforms.Build.0 = Release|Any CPU
		{32D8CB30-CA97-4516-9114-121667C06013}.Release|Win32.ActiveCfg = Release|Any CPU
		{32D8CB30-CA97-4516-9114-121667C06013}.Release|Win32.Build.0 = Release|Any CPU
		{32D8CB30-CA97-4516-9114-121667C06013}.Release|x64.ActiveCfg = Release|Any CPU
		{32D8CB30-CA97-4516-9114-121667C06013}.Release|x86.ActiveCfg = Release|Any CPU
		{6119FBE1-E922-48F5-AAD2-B2E6B577C227}.Debug|Any CPU.ActiveCfg = Debug|Any CPU
		{6119FBE1-E922-48F5-AAD2-B2E6B577C227}.Debug|Any CPU.Build.0 = Debug|Any CPU
		{6119FBE1-E922-48F5-AAD2-B2E6B577C227}.Debug|Mixed Platforms.ActiveCfg = Debug|Any CPU
		{6119FBE1-E922-48F5-AAD2-B2E6B577C227}.Debug|Mixed Platforms.Build.0 = Debug|Any CPU
		{6119FBE1-E922-48F5-AAD2-B2E6B577C227}.Debug|Win32.ActiveCfg = Debug|Any CPU
		{6119FBE1-E922-48F5-AAD2-B2E6B577C227}.Debug|x64.ActiveCfg = Debug|Any CPU
		{6119FBE1-E922-48F5-AAD2-B2E6B577C227}.Debug|x86.ActiveCfg = Debug|Any CPU
		{6119FBE1-E922-48F5-AAD2-B2E6B577C227}.Release|Any CPU.ActiveCfg = Release|Any CPU
		{6119FBE1-E922-48F5-AAD2-B2E6B577C227}.Release|Any CPU.Build.0 = Release|Any CPU
		{6119FBE1-E922-48F5-AAD2-B2E6B577C227}.Release|Mixed Platforms.ActiveCfg = Release|Any CPU
		{6119FBE1-E922-48F5-AAD2-B2E6B577C227}.Release|Mixed Platforms.Build.0 = Release|Any CPU
		{6119FBE1-E922-48F5-AAD2-B2E6B577C227}.Release|Win32.ActiveCfg = Release|Any CPU
		{6119FBE1-E922-48F5-AAD2-B2E6B577C227}.Release|Win32.Build.0 = Release|Any CPU
		{6119FBE1-E922-48F5-AAD2-B2E6B577C227}.Release|x64.ActiveCfg = Release|Any CPU
		{6119FBE1-E922-48F5-AAD2-B2E6B577C227}.Release|x86.ActiveCfg = Release|Any CPU
		{38988610-F24B-4D5D-A51C-883629D197EE}.Debug|Any CPU.ActiveCfg = Debug|Any CPU
		{38988610-F24B-4D5D-A51C-883629D197EE}.Debug|Any CPU.Build.0 = Debug|Any CPU
		{38988610-F24B-4D5D-A51C-883629D197EE}.Debug|Mixed Platforms.ActiveCfg = Debug|Any CPU
		{38988610-F24B-4D5D-A51C-883629D197EE}.Debug|Mixed Platforms.Build.0 = Debug|Any CPU
		{38988610-F24B-4D5D-A51C-883629D197EE}.Debug|Win32.ActiveCfg = Debug|Any CPU
		{38988610-F24B-4D5D-A51C-883629D197EE}.Debug|x64.ActiveCfg = Debug|Any CPU
		{38988610-F24B-4D5D-A51C-883629D197EE}.Debug|x86.ActiveCfg = Debug|Any CPU
		{38988610-F24B-4D5D-A51C-883629D197EE}.Release|Any CPU.ActiveCfg = Release|Any CPU
		{38988610-F24B-4D5D-A51C-883629D197EE}.Release|Any CPU.Build.0 = Release|Any CPU
		{38988610-F24B-4D5D-A51C-883629D197EE}.Release|Mixed Platforms.ActiveCfg = Release|Any CPU
		{38988610-F24B-4D5D-A51C-883629D197EE}.Release|Mixed Platforms.Build.0 = Release|Any CPU
		{38988610-F24B-4D5D-A51C-883629D197EE}.Release|Win32.ActiveCfg = Release|Any CPU
		{38988610-F24B-4D5D-A51C-883629D197EE}.Release|Win32.Build.0 = Release|Any CPU
		{38988610-F24B-4D5D-A51C-883629D197EE}.Release|x64.ActiveCfg = Release|Any CPU
		{38988610-F24B-4D5D-A51C-883629D197EE}.Release|x86.ActiveCfg = Release|Any CPU
		{9D94A904-FE28-4616-A371-4D4110BDD3FC}.Debug|Any CPU.ActiveCfg = Debug|Any CPU
		{9D94A904-FE28-4616-A371-4D4110BDD3FC}.Debug|Any CPU.Build.0 = Debug|Any CPU
		{9D94A904-FE28-4616-A371-4D4110BDD3FC}.Debug|Mixed Platforms.ActiveCfg = Debug|Any CPU
		{9D94A904-FE28-4616-A371-4D4110BDD3FC}.Debug|Mixed Platforms.Build.0 = Debug|Any CPU
		{9D94A904-FE28-4616-A371-4D4110BDD3FC}.Debug|Win32.ActiveCfg = Debug|Any CPU
		{9D94A904-FE28-4616-A371-4D4110BDD3FC}.Debug|x64.ActiveCfg = Debug|Any CPU
		{9D94A904-FE28-4616-A371-4D4110BDD3FC}.Debug|x86.ActiveCfg = Debug|Any CPU
		{9D94A904-FE28-4616-A371-4D4110BDD3FC}.Release|Any CPU.ActiveCfg = Release|Any CPU
		{9D94A904-FE28-4616-A371-4D4110BDD3FC}.Release|Any CPU.Build.0 = Release|Any CPU
		{9D94A904-FE28-4616-A371-4D4110BDD3FC}.Release|Mixed Platforms.ActiveCfg = Release|Any CPU
		{9D94A904-FE28-4616-A371-4D4110BDD3FC}.Release|Mixed Platforms.Build.0 = Release|Any CPU
		{9D94A904-FE28-4616-A371-4D4110BDD3FC}.Release|Win32.ActiveCfg = Release|Any CPU
		{9D94A904-FE28-4616-A371-4D4110BDD3FC}.Release|Win32.Build.0 = Release|Any CPU
		{9D94A904-FE28-4616-A371-4D4110BDD3FC}.Release|x64.ActiveCfg = Release|Any CPU
		{9D94A904-FE28-4616-A371-4D4110BDD3FC}.Release|x86.ActiveCfg = Release|Any CPU
		{EE757BA9-3018-40F6-A4BF-B801DD65FF66}.Debug|Any CPU.ActiveCfg = Debug|Win32
		{EE757BA9-3018-40F6-A4BF-B801DD65FF66}.Debug|Mixed Platforms.ActiveCfg = Debug|Win32
		{EE757BA9-3018-40F6-A4BF-B801DD65FF66}.Debug|Mixed Platforms.Build.0 = Debug|Win32
		{EE757BA9-3018-40F6-A4BF-B801DD65FF66}.Debug|Mixed Platforms.Deploy.0 = Debug|Win32
		{EE757BA9-3018-40F6-A4BF-B801DD65FF66}.Debug|Win32.ActiveCfg = Debug|Win32
		{EE757BA9-3018-40F6-A4BF-B801DD65FF66}.Debug|Win32.Build.0 = Debug|Win32
		{EE757BA9-3018-40F6-A4BF-B801DD65FF66}.Debug|x64.ActiveCfg = Debug|Win32
		{EE757BA9-3018-40F6-A4BF-B801DD65FF66}.Debug|x86.ActiveCfg = Debug|Win32
		{EE757BA9-3018-40F6-A4BF-B801DD65FF66}.Release|Any CPU.ActiveCfg = Release|Win32
		{EE757BA9-3018-40F6-A4BF-B801DD65FF66}.Release|Mixed Platforms.ActiveCfg = Release|Win32
		{EE757BA9-3018-40F6-A4BF-B801DD65FF66}.Release|Mixed Platforms.Build.0 = Release|Win32
		{EE757BA9-3018-40F6-A4BF-B801DD65FF66}.Release|Win32.ActiveCfg = Release|Win32
		{EE757BA9-3018-40F6-A4BF-B801DD65FF66}.Release|Win32.Build.0 = Release|Win32
		{EE757BA9-3018-40F6-A4BF-B801DD65FF66}.Release|x64.ActiveCfg = Release|Win32
		{EE757BA9-3018-40F6-A4BF-B801DD65FF66}.Release|x86.ActiveCfg = Release|Win32
		{ED75AD9C-F1D0-40A9-A909-8CF696DE0410}.Debug|Any CPU.ActiveCfg = Debug|x86
		{ED75AD9C-F1D0-40A9-A909-8CF696DE0410}.Debug|Mixed Platforms.ActiveCfg = Debug|Any CPU
		{ED75AD9C-F1D0-40A9-A909-8CF696DE0410}.Debug|Mixed Platforms.Build.0 = Debug|Any CPU
		{ED75AD9C-F1D0-40A9-A909-8CF696DE0410}.Debug|Win32.ActiveCfg = Debug|x86
		{ED75AD9C-F1D0-40A9-A909-8CF696DE0410}.Debug|x64.ActiveCfg = Debug|x86
		{ED75AD9C-F1D0-40A9-A909-8CF696DE0410}.Debug|x86.ActiveCfg = Debug|x86
		{ED75AD9C-F1D0-40A9-A909-8CF696DE0410}.Debug|x86.Build.0 = Debug|x86
		{ED75AD9C-F1D0-40A9-A909-8CF696DE0410}.Release|Any CPU.ActiveCfg = Release|x86
		{ED75AD9C-F1D0-40A9-A909-8CF696DE0410}.Release|Any CPU.Build.0 = Release|x86
		{ED75AD9C-F1D0-40A9-A909-8CF696DE0410}.Release|Mixed Platforms.ActiveCfg = Release|Any CPU
		{ED75AD9C-F1D0-40A9-A909-8CF696DE0410}.Release|Mixed Platforms.Build.0 = Release|Any CPU
		{ED75AD9C-F1D0-40A9-A909-8CF696DE0410}.Release|Win32.ActiveCfg = Release|x86
		{ED75AD9C-F1D0-40A9-A909-8CF696DE0410}.Release|Win32.Build.0 = Release|x86
		{ED75AD9C-F1D0-40A9-A909-8CF696DE0410}.Release|x64.ActiveCfg = Release|x86
		{ED75AD9C-F1D0-40A9-A909-8CF696DE0410}.Release|x86.ActiveCfg = Release|x86
		{ED75AD9C-F1D0-40A9-A909-8CF696DE0410}.Release|x86.Build.0 = Release|x86
		{72A87F34-68CE-430A-8047-970E5EEDDD81}.Debug|Any CPU.ActiveCfg = Debug|Any CPU
		{72A87F34-68CE-430A-8047-970E5EEDDD81}.Debug|Any CPU.Build.0 = Debug|Any CPU
		{72A87F34-68CE-430A-8047-970E5EEDDD81}.Debug|Mixed Platforms.ActiveCfg = Debug|Any CPU
		{72A87F34-68CE-430A-8047-970E5EEDDD81}.Debug|Mixed Platforms.Build.0 = Debug|Any CPU
		{72A87F34-68CE-430A-8047-970E5EEDDD81}.Debug|Win32.ActiveCfg = Debug|Any CPU
		{72A87F34-68CE-430A-8047-970E5EEDDD81}.Debug|x64.ActiveCfg = Debug|Any CPU
		{72A87F34-68CE-430A-8047-970E5EEDDD81}.Debug|x86.ActiveCfg = Debug|Any CPU
		{72A87F34-68CE-430A-8047-970E5EEDDD81}.Release|Any CPU.ActiveCfg = Release|Any CPU
		{72A87F34-68CE-430A-8047-970E5EEDDD81}.Release|Any CPU.Build.0 = Release|Any CPU
		{72A87F34-68CE-430A-8047-970E5EEDDD81}.Release|Mixed Platforms.ActiveCfg = Release|Any CPU
		{72A87F34-68CE-430A-8047-970E5EEDDD81}.Release|Mixed Platforms.Build.0 = Release|Any CPU
		{72A87F34-68CE-430A-8047-970E5EEDDD81}.Release|Win32.ActiveCfg = Release|Any CPU
		{72A87F34-68CE-430A-8047-970E5EEDDD81}.Release|Win32.Build.0 = Release|Any CPU
		{72A87F34-68CE-430A-8047-970E5EEDDD81}.Release|x64.ActiveCfg = Release|Any CPU
		{72A87F34-68CE-430A-8047-970E5EEDDD81}.Release|x86.ActiveCfg = Release|Any CPU
		{C8587602-0BE2-4D57-8A1D-1EBCDD5878B6}.Debug|Any CPU.ActiveCfg = Debug|x86
		{C8587602-0BE2-4D57-8A1D-1EBCDD5878B6}.Debug|Mixed Platforms.ActiveCfg = Debug|Any CPU
		{C8587602-0BE2-4D57-8A1D-1EBCDD5878B6}.Debug|Mixed Platforms.Build.0 = Debug|Any CPU
		{C8587602-0BE2-4D57-8A1D-1EBCDD5878B6}.Debug|Win32.ActiveCfg = Debug|x86
		{C8587602-0BE2-4D57-8A1D-1EBCDD5878B6}.Debug|x64.ActiveCfg = Debug|x86
		{C8587602-0BE2-4D57-8A1D-1EBCDD5878B6}.Debug|x86.ActiveCfg = Debug|x86
		{C8587602-0BE2-4D57-8A1D-1EBCDD5878B6}.Debug|x86.Build.0 = Debug|x86
		{C8587602-0BE2-4D57-8A1D-1EBCDD5878B6}.Release|Any CPU.ActiveCfg = Release|x86
		{C8587602-0BE2-4D57-8A1D-1EBCDD5878B6}.Release|Mixed Platforms.ActiveCfg = Release|Any CPU
		{C8587602-0BE2-4D57-8A1D-1EBCDD5878B6}.Release|Mixed Platforms.Build.0 = Release|Any CPU
		{C8587602-0BE2-4D57-8A1D-1EBCDD5878B6}.Release|Win32.ActiveCfg = Release|x86
		{C8587602-0BE2-4D57-8A1D-1EBCDD5878B6}.Release|Win32.Build.0 = Release|x86
		{C8587602-0BE2-4D57-8A1D-1EBCDD5878B6}.Release|x64.ActiveCfg = Release|x86
		{C8587602-0BE2-4D57-8A1D-1EBCDD5878B6}.Release|x86.ActiveCfg = Release|x86
		{C8587602-0BE2-4D57-8A1D-1EBCDD5878B6}.Release|x86.Build.0 = Release|x86
		{8AE47684-3371-4CB3-AA73-A7E5CC6570CB}.Debug|Any CPU.ActiveCfg = Debug|Any CPU
		{8AE47684-3371-4CB3-AA73-A7E5CC6570CB}.Debug|Any CPU.Build.0 = Debug|Any CPU
		{8AE47684-3371-4CB3-AA73-A7E5CC6570CB}.Debug|Mixed Platforms.ActiveCfg = Debug|Any CPU
		{8AE47684-3371-4CB3-AA73-A7E5CC6570CB}.Debug|Mixed Platforms.Build.0 = Debug|Any CPU
		{8AE47684-3371-4CB3-AA73-A7E5CC6570CB}.Debug|Win32.ActiveCfg = Debug|Any CPU
		{8AE47684-3371-4CB3-AA73-A7E5CC6570CB}.Debug|Win32.Build.0 = Debug|Any CPU
		{8AE47684-3371-4CB3-AA73-A7E5CC6570CB}.Debug|x64.ActiveCfg = Debug|Any CPU
		{8AE47684-3371-4CB3-AA73-A7E5CC6570CB}.Debug|x64.Build.0 = Debug|Any CPU
		{8AE47684-3371-4CB3-AA73-A7E5CC6570CB}.Debug|x86.ActiveCfg = Debug|Any CPU
		{8AE47684-3371-4CB3-AA73-A7E5CC6570CB}.Debug|x86.Build.0 = Debug|Any CPU
		{8AE47684-3371-4CB3-AA73-A7E5CC6570CB}.Release|Any CPU.ActiveCfg = Release|Any CPU
		{8AE47684-3371-4CB3-AA73-A7E5CC6570CB}.Release|Any CPU.Build.0 = Release|Any CPU
		{8AE47684-3371-4CB3-AA73-A7E5CC6570CB}.Release|Mixed Platforms.ActiveCfg = Release|Any CPU
		{8AE47684-3371-4CB3-AA73-A7E5CC6570CB}.Release|Mixed Platforms.Build.0 = Release|Any CPU
		{8AE47684-3371-4CB3-AA73-A7E5CC6570CB}.Release|Win32.ActiveCfg = Release|Any CPU
		{8AE47684-3371-4CB3-AA73-A7E5CC6570CB}.Release|Win32.Build.0 = Release|Any CPU
		{8AE47684-3371-4CB3-AA73-A7E5CC6570CB}.Release|x64.ActiveCfg = Release|Any CPU
		{8AE47684-3371-4CB3-AA73-A7E5CC6570CB}.Release|x64.Build.0 = Release|Any CPU
		{8AE47684-3371-4CB3-AA73-A7E5CC6570CB}.Release|x86.ActiveCfg = Release|Any CPU
		{8AE47684-3371-4CB3-AA73-A7E5CC6570CB}.Release|x86.Build.0 = Release|Any CPU
		{8B1EB1AF-9926-4AF4-9F01-A35C6DDD34A9}.Debug|Any CPU.ActiveCfg = Debug|Win32
		{8B1EB1AF-9926-4AF4-9F01-A35C6DDD34A9}.Debug|Mixed Platforms.ActiveCfg = Debug|Win32
		{8B1EB1AF-9926-4AF4-9F01-A35C6DDD34A9}.Debug|Mixed Platforms.Build.0 = Debug|Win32
		{8B1EB1AF-9926-4AF4-9F01-A35C6DDD34A9}.Debug|Win32.ActiveCfg = Debug|Win32
		{8B1EB1AF-9926-4AF4-9F01-A35C6DDD34A9}.Debug|Win32.Build.0 = Debug|Win32
		{8B1EB1AF-9926-4AF4-9F01-A35C6DDD34A9}.Debug|x64.ActiveCfg = Debug|Win32
		{8B1EB1AF-9926-4AF4-9F01-A35C6DDD34A9}.Debug|x86.ActiveCfg = Debug|Win32
		{8B1EB1AF-9926-4AF4-9F01-A35C6DDD34A9}.Release|Any CPU.ActiveCfg = Release|Win32
		{8B1EB1AF-9926-4AF4-9F01-A35C6DDD34A9}.Release|Mixed Platforms.ActiveCfg = Release|Win32
		{8B1EB1AF-9926-4AF4-9F01-A35C6DDD34A9}.Release|Mixed Platforms.Build.0 = Release|Win32
		{8B1EB1AF-9926-4AF4-9F01-A35C6DDD34A9}.Release|Win32.ActiveCfg = Release|Win32
		{8B1EB1AF-9926-4AF4-9F01-A35C6DDD34A9}.Release|Win32.Build.0 = Release|Win32
		{8B1EB1AF-9926-4AF4-9F01-A35C6DDD34A9}.Release|x64.ActiveCfg = Release|Win32
		{8B1EB1AF-9926-4AF4-9F01-A35C6DDD34A9}.Release|x86.ActiveCfg = Release|Win32
		{6CD1F565-54CF-4496-96E9-E43FDD5CC61F}.Debug|Any CPU.ActiveCfg = Debug|Win32
		{6CD1F565-54CF-4496-96E9-E43FDD5CC61F}.Debug|Mixed Platforms.ActiveCfg = Debug|Win32
		{6CD1F565-54CF-4496-96E9-E43FDD5CC61F}.Debug|Win32.ActiveCfg = Debug|Win32
		{6CD1F565-54CF-4496-96E9-E43FDD5CC61F}.Debug|Win32.Build.0 = Debug|Win32
		{6CD1F565-54CF-4496-96E9-E43FDD5CC61F}.Debug|x64.ActiveCfg = Debug|Win32
		{6CD1F565-54CF-4496-96E9-E43FDD5CC61F}.Debug|x86.ActiveCfg = Debug|Win32
		{6CD1F565-54CF-4496-96E9-E43FDD5CC61F}.Release|Any CPU.ActiveCfg = Release|Win32
		{6CD1F565-54CF-4496-96E9-E43FDD5CC61F}.Release|Mixed Platforms.ActiveCfg = Release|Win32
		{6CD1F565-54CF-4496-96E9-E43FDD5CC61F}.Release|Win32.ActiveCfg = Release|Win32
		{6CD1F565-54CF-4496-96E9-E43FDD5CC61F}.Release|Win32.Build.0 = Release|Win32
		{6CD1F565-54CF-4496-96E9-E43FDD5CC61F}.Release|x64.ActiveCfg = Release|Win32
		{6CD1F565-54CF-4496-96E9-E43FDD5CC61F}.Release|x86.ActiveCfg = Release|Win32
		{3639690A-4D81-4085-BD25-27EBB4CB33A3}.Debug|Any CPU.ActiveCfg = Debug|Any CPU
		{3639690A-4D81-4085-BD25-27EBB4CB33A3}.Debug|Any CPU.Build.0 = Debug|Any CPU
		{3639690A-4D81-4085-BD25-27EBB4CB33A3}.Debug|Mixed Platforms.ActiveCfg = Debug|Any CPU
		{3639690A-4D81-4085-BD25-27EBB4CB33A3}.Debug|Mixed Platforms.Build.0 = Debug|Any CPU
		{3639690A-4D81-4085-BD25-27EBB4CB33A3}.Debug|Win32.ActiveCfg = Debug|Any CPU
		{3639690A-4D81-4085-BD25-27EBB4CB33A3}.Debug|x64.ActiveCfg = Debug|Any CPU
		{3639690A-4D81-4085-BD25-27EBB4CB33A3}.Debug|x86.ActiveCfg = Debug|Any CPU
		{3639690A-4D81-4085-BD25-27EBB4CB33A3}.Release|Any CPU.ActiveCfg = Release|Any CPU
		{3639690A-4D81-4085-BD25-27EBB4CB33A3}.Release|Any CPU.Build.0 = Release|Any CPU
		{3639690A-4D81-4085-BD25-27EBB4CB33A3}.Release|Mixed Platforms.ActiveCfg = Release|Any CPU
		{3639690A-4D81-4085-BD25-27EBB4CB33A3}.Release|Mixed Platforms.Build.0 = Release|Any CPU
		{3639690A-4D81-4085-BD25-27EBB4CB33A3}.Release|Win32.ActiveCfg = Release|Any CPU
		{3639690A-4D81-4085-BD25-27EBB4CB33A3}.Release|x64.ActiveCfg = Release|Any CPU
		{3639690A-4D81-4085-BD25-27EBB4CB33A3}.Release|x86.ActiveCfg = Release|Any CPU
		{8FF31C47-6E0D-4C28-9569-1251475C02CA}.Debug|Any CPU.ActiveCfg = Debug|Any CPU
		{8FF31C47-6E0D-4C28-9569-1251475C02CA}.Debug|Any CPU.Build.0 = Debug|Any CPU
		{8FF31C47-6E0D-4C28-9569-1251475C02CA}.Debug|Mixed Platforms.ActiveCfg = Debug|Any CPU
		{8FF31C47-6E0D-4C28-9569-1251475C02CA}.Debug|Mixed Platforms.Build.0 = Debug|Any CPU
		{8FF31C47-6E0D-4C28-9569-1251475C02CA}.Debug|Win32.ActiveCfg = Debug|Any CPU
		{8FF31C47-6E0D-4C28-9569-1251475C02CA}.Debug|x64.ActiveCfg = Debug|Any CPU
		{8FF31C47-6E0D-4C28-9569-1251475C02CA}.Debug|x86.ActiveCfg = Debug|Any CPU
		{8FF31C47-6E0D-4C28-9569-1251475C02CA}.Release|Any CPU.ActiveCfg = Release|Any CPU
		{8FF31C47-6E0D-4C28-9569-1251475C02CA}.Release|Any CPU.Build.0 = Release|Any CPU
		{8FF31C47-6E0D-4C28-9569-1251475C02CA}.Release|Mixed Platforms.ActiveCfg = Release|Any CPU
		{8FF31C47-6E0D-4C28-9569-1251475C02CA}.Release|Mixed Platforms.Build.0 = Release|Any CPU
		{8FF31C47-6E0D-4C28-9569-1251475C02CA}.Release|Win32.ActiveCfg = Release|Any CPU
		{8FF31C47-6E0D-4C28-9569-1251475C02CA}.Release|x64.ActiveCfg = Release|Any CPU
		{8FF31C47-6E0D-4C28-9569-1251475C02CA}.Release|x86.ActiveCfg = Release|Any CPU
		{F40425D4-C8DF-4200-9ABC-F181519671CA}.Debug|Any CPU.ActiveCfg = Debug|Any CPU
		{F40425D4-C8DF-4200-9ABC-F181519671CA}.Debug|Any CPU.Build.0 = Debug|Any CPU
		{F40425D4-C8DF-4200-9ABC-F181519671CA}.Debug|Mixed Platforms.ActiveCfg = Debug|Any CPU
		{F40425D4-C8DF-4200-9ABC-F181519671CA}.Debug|Mixed Platforms.Build.0 = Debug|Any CPU
		{F40425D4-C8DF-4200-9ABC-F181519671CA}.Debug|Win32.ActiveCfg = Debug|Any CPU
		{F40425D4-C8DF-4200-9ABC-F181519671CA}.Debug|x64.ActiveCfg = Debug|Any CPU
		{F40425D4-C8DF-4200-9ABC-F181519671CA}.Debug|x86.ActiveCfg = Debug|Any CPU
		{F40425D4-C8DF-4200-9ABC-F181519671CA}.Release|Any CPU.ActiveCfg = Release|Any CPU
		{F40425D4-C8DF-4200-9ABC-F181519671CA}.Release|Any CPU.Build.0 = Release|Any CPU
		{F40425D4-C8DF-4200-9ABC-F181519671CA}.Release|Mixed Platforms.ActiveCfg = Release|Any CPU
		{F40425D4-C8DF-4200-9ABC-F181519671CA}.Release|Mixed Platforms.Build.0 = Release|Any CPU
		{F40425D4-C8DF-4200-9ABC-F181519671CA}.Release|Win32.ActiveCfg = Release|Any CPU
		{F40425D4-C8DF-4200-9ABC-F181519671CA}.Release|x64.ActiveCfg = Release|Any CPU
		{F40425D4-C8DF-4200-9ABC-F181519671CA}.Release|x86.ActiveCfg = Release|Any CPU
		{D449D92E-27B1-4995-98FB-3BB706F22171}.Debug|Any CPU.ActiveCfg = Debug|Any CPU
		{D449D92E-27B1-4995-98FB-3BB706F22171}.Debug|Any CPU.Build.0 = Debug|Any CPU
		{D449D92E-27B1-4995-98FB-3BB706F22171}.Debug|Mixed Platforms.ActiveCfg = Debug|Any CPU
		{D449D92E-27B1-4995-98FB-3BB706F22171}.Debug|Mixed Platforms.Build.0 = Debug|Any CPU
		{D449D92E-27B1-4995-98FB-3BB706F22171}.Debug|Win32.ActiveCfg = Debug|Any CPU
		{D449D92E-27B1-4995-98FB-3BB706F22171}.Debug|x64.ActiveCfg = Debug|Any CPU
		{D449D92E-27B1-4995-98FB-3BB706F22171}.Debug|x86.ActiveCfg = Debug|Any CPU
		{D449D92E-27B1-4995-98FB-3BB706F22171}.Release|Any CPU.ActiveCfg = Release|Any CPU
		{D449D92E-27B1-4995-98FB-3BB706F22171}.Release|Any CPU.Build.0 = Release|Any CPU
		{D449D92E-27B1-4995-98FB-3BB706F22171}.Release|Mixed Platforms.ActiveCfg = Release|Any CPU
		{D449D92E-27B1-4995-98FB-3BB706F22171}.Release|Mixed Platforms.Build.0 = Release|Any CPU
		{D449D92E-27B1-4995-98FB-3BB706F22171}.Release|Win32.ActiveCfg = Release|Any CPU
		{D449D92E-27B1-4995-98FB-3BB706F22171}.Release|x64.ActiveCfg = Release|Any CPU
		{D449D92E-27B1-4995-98FB-3BB706F22171}.Release|x86.ActiveCfg = Release|Any CPU
		{613CC690-9772-4A80-8F08-EF9435D471F6}.Debug|Any CPU.ActiveCfg = Debug|Any CPU
		{613CC690-9772-4A80-8F08-EF9435D471F6}.Debug|Any CPU.Build.0 = Debug|Any CPU
		{613CC690-9772-4A80-8F08-EF9435D471F6}.Debug|Mixed Platforms.ActiveCfg = Debug|Any CPU
		{613CC690-9772-4A80-8F08-EF9435D471F6}.Debug|Mixed Platforms.Build.0 = Debug|Any CPU
		{613CC690-9772-4A80-8F08-EF9435D471F6}.Debug|Win32.ActiveCfg = Debug|Any CPU
		{613CC690-9772-4A80-8F08-EF9435D471F6}.Debug|x64.ActiveCfg = Debug|Any CPU
		{613CC690-9772-4A80-8F08-EF9435D471F6}.Debug|x86.ActiveCfg = Debug|Any CPU
		{613CC690-9772-4A80-8F08-EF9435D471F6}.Release|Any CPU.ActiveCfg = Release|Any CPU
		{613CC690-9772-4A80-8F08-EF9435D471F6}.Release|Any CPU.Build.0 = Release|Any CPU
		{613CC690-9772-4A80-8F08-EF9435D471F6}.Release|Mixed Platforms.ActiveCfg = Release|Any CPU
		{613CC690-9772-4A80-8F08-EF9435D471F6}.Release|Mixed Platforms.Build.0 = Release|Any CPU
		{613CC690-9772-4A80-8F08-EF9435D471F6}.Release|Win32.ActiveCfg = Release|Any CPU
		{613CC690-9772-4A80-8F08-EF9435D471F6}.Release|x64.ActiveCfg = Release|Any CPU
		{613CC690-9772-4A80-8F08-EF9435D471F6}.Release|x86.ActiveCfg = Release|Any CPU
		{E49DF12A-F849-4EE4-A47B-B2A02BA4DB44}.Debug|Any CPU.ActiveCfg = Debug|Any CPU
		{E49DF12A-F849-4EE4-A47B-B2A02BA4DB44}.Debug|Any CPU.Build.0 = Debug|Any CPU
		{E49DF12A-F849-4EE4-A47B-B2A02BA4DB44}.Debug|Mixed Platforms.ActiveCfg = Debug|Any CPU
		{E49DF12A-F849-4EE4-A47B-B2A02BA4DB44}.Debug|Mixed Platforms.Build.0 = Debug|Any CPU
		{E49DF12A-F849-4EE4-A47B-B2A02BA4DB44}.Debug|Win32.ActiveCfg = Debug|Any CPU
		{E49DF12A-F849-4EE4-A47B-B2A02BA4DB44}.Debug|x64.ActiveCfg = Debug|Any CPU
		{E49DF12A-F849-4EE4-A47B-B2A02BA4DB44}.Debug|x86.ActiveCfg = Debug|Any CPU
		{E49DF12A-F849-4EE4-A47B-B2A02BA4DB44}.Release|Any CPU.ActiveCfg = Release|Any CPU
		{E49DF12A-F849-4EE4-A47B-B2A02BA4DB44}.Release|Any CPU.Build.0 = Release|Any CPU
		{E49DF12A-F849-4EE4-A47B-B2A02BA4DB44}.Release|Mixed Platforms.ActiveCfg = Release|Any CPU
		{E49DF12A-F849-4EE4-A47B-B2A02BA4DB44}.Release|Mixed Platforms.Build.0 = Release|Any CPU
		{E49DF12A-F849-4EE4-A47B-B2A02BA4DB44}.Release|Win32.ActiveCfg = Release|Any CPU
		{E49DF12A-F849-4EE4-A47B-B2A02BA4DB44}.Release|x64.ActiveCfg = Release|Any CPU
		{E49DF12A-F849-4EE4-A47B-B2A02BA4DB44}.Release|x86.ActiveCfg = Release|Any CPU
		{E30FA5DF-3DBB-41B1-A325-27D478757FFB}.Debug|Any CPU.ActiveCfg = Debug|Any CPU
		{E30FA5DF-3DBB-41B1-A325-27D478757FFB}.Debug|Any CPU.Build.0 = Debug|Any CPU
		{E30FA5DF-3DBB-41B1-A325-27D478757FFB}.Debug|Mixed Platforms.ActiveCfg = Debug|Any CPU
		{E30FA5DF-3DBB-41B1-A325-27D478757FFB}.Debug|Mixed Platforms.Build.0 = Debug|Any CPU
		{E30FA5DF-3DBB-41B1-A325-27D478757FFB}.Debug|Win32.ActiveCfg = Debug|Any CPU
		{E30FA5DF-3DBB-41B1-A325-27D478757FFB}.Debug|x64.ActiveCfg = Debug|Any CPU
		{E30FA5DF-3DBB-41B1-A325-27D478757FFB}.Debug|x86.ActiveCfg = Debug|Any CPU
		{E30FA5DF-3DBB-41B1-A325-27D478757FFB}.Release|Any CPU.ActiveCfg = Release|Any CPU
		{E30FA5DF-3DBB-41B1-A325-27D478757FFB}.Release|Any CPU.Build.0 = Release|Any CPU
		{E30FA5DF-3DBB-41B1-A325-27D478757FFB}.Release|Mixed Platforms.ActiveCfg = Release|Any CPU
		{E30FA5DF-3DBB-41B1-A325-27D478757FFB}.Release|Mixed Platforms.Build.0 = Release|Any CPU
		{E30FA5DF-3DBB-41B1-A325-27D478757FFB}.Release|Win32.ActiveCfg = Release|Any CPU
		{E30FA5DF-3DBB-41B1-A325-27D478757FFB}.Release|x64.ActiveCfg = Release|Any CPU
		{E30FA5DF-3DBB-41B1-A325-27D478757FFB}.Release|x86.ActiveCfg = Release|Any CPU
		{A0D09316-FC10-46A0-95C4-4E37F9BD78DF}.Debug|Any CPU.ActiveCfg = Debug|Win32
		{A0D09316-FC10-46A0-95C4-4E37F9BD78DF}.Debug|Mixed Platforms.ActiveCfg = Debug|Win32
		{A0D09316-FC10-46A0-95C4-4E37F9BD78DF}.Debug|Mixed Platforms.Build.0 = Debug|Win32
		{A0D09316-FC10-46A0-95C4-4E37F9BD78DF}.Debug|Win32.ActiveCfg = Debug|Win32
		{A0D09316-FC10-46A0-95C4-4E37F9BD78DF}.Debug|Win32.Build.0 = Debug|Win32
		{A0D09316-FC10-46A0-95C4-4E37F9BD78DF}.Debug|x64.ActiveCfg = Debug|Win32
		{A0D09316-FC10-46A0-95C4-4E37F9BD78DF}.Debug|x86.ActiveCfg = Debug|Win32
		{A0D09316-FC10-46A0-95C4-4E37F9BD78DF}.Debug|x86.Build.0 = Debug|Win32
		{A0D09316-FC10-46A0-95C4-4E37F9BD78DF}.Release|Any CPU.ActiveCfg = Release|Win32
		{A0D09316-FC10-46A0-95C4-4E37F9BD78DF}.Release|Mixed Platforms.ActiveCfg = Release|Win32
		{A0D09316-FC10-46A0-95C4-4E37F9BD78DF}.Release|Mixed Platforms.Build.0 = Release|Win32
		{A0D09316-FC10-46A0-95C4-4E37F9BD78DF}.Release|Win32.ActiveCfg = Release|Win32
		{A0D09316-FC10-46A0-95C4-4E37F9BD78DF}.Release|Win32.Build.0 = Release|Win32
		{A0D09316-FC10-46A0-95C4-4E37F9BD78DF}.Release|x64.ActiveCfg = Release|Win32
		{A0D09316-FC10-46A0-95C4-4E37F9BD78DF}.Release|x86.ActiveCfg = Release|Win32
		{A0D09316-FC10-46A0-95C4-4E37F9BD78DF}.Release|x86.Build.0 = Release|Win32
		{F96AC5EF-0EF7-4224-B088-BD864BA0F293}.Debug|Any CPU.ActiveCfg = Debug|Any CPU
		{F96AC5EF-0EF7-4224-B088-BD864BA0F293}.Debug|Any CPU.Build.0 = Debug|Any CPU
		{F96AC5EF-0EF7-4224-B088-BD864BA0F293}.Debug|Mixed Platforms.ActiveCfg = Debug|Any CPU
		{F96AC5EF-0EF7-4224-B088-BD864BA0F293}.Debug|Mixed Platforms.Build.0 = Debug|Any CPU
		{F96AC5EF-0EF7-4224-B088-BD864BA0F293}.Debug|Win32.ActiveCfg = Debug|Any CPU
		{F96AC5EF-0EF7-4224-B088-BD864BA0F293}.Debug|x64.ActiveCfg = Debug|Any CPU
		{F96AC5EF-0EF7-4224-B088-BD864BA0F293}.Debug|x86.ActiveCfg = Debug|Any CPU
		{F96AC5EF-0EF7-4224-B088-BD864BA0F293}.Release|Any CPU.ActiveCfg = Release|Any CPU
		{F96AC5EF-0EF7-4224-B088-BD864BA0F293}.Release|Any CPU.Build.0 = Release|Any CPU
		{F96AC5EF-0EF7-4224-B088-BD864BA0F293}.Release|Mixed Platforms.ActiveCfg = Release|Any CPU
		{F96AC5EF-0EF7-4224-B088-BD864BA0F293}.Release|Mixed Platforms.Build.0 = Release|Any CPU
		{F96AC5EF-0EF7-4224-B088-BD864BA0F293}.Release|Win32.ActiveCfg = Release|Any CPU
		{F96AC5EF-0EF7-4224-B088-BD864BA0F293}.Release|x64.ActiveCfg = Release|Any CPU
		{F96AC5EF-0EF7-4224-B088-BD864BA0F293}.Release|x86.ActiveCfg = Release|Any CPU
		{153B1D81-ABB3-4D43-A60D-EF379CCDEF53}.Debug|Any CPU.ActiveCfg = Debug|Win32
		{153B1D81-ABB3-4D43-A60D-EF379CCDEF53}.Debug|Mixed Platforms.ActiveCfg = Debug|Win32
		{153B1D81-ABB3-4D43-A60D-EF379CCDEF53}.Debug|Mixed Platforms.Build.0 = Debug|Win32
		{153B1D81-ABB3-4D43-A60D-EF379CCDEF53}.Debug|Win32.ActiveCfg = Debug|Win32
		{153B1D81-ABB3-4D43-A60D-EF379CCDEF53}.Debug|Win32.Build.0 = Debug|Win32
		{153B1D81-ABB3-4D43-A60D-EF379CCDEF53}.Debug|x64.ActiveCfg = Debug|Win32
		{153B1D81-ABB3-4D43-A60D-EF379CCDEF53}.Debug|x86.ActiveCfg = Debug|Win32
		{153B1D81-ABB3-4D43-A60D-EF379CCDEF53}.Debug|x86.Build.0 = Debug|Win32
		{153B1D81-ABB3-4D43-A60D-EF379CCDEF53}.Release|Any CPU.ActiveCfg = Release|Win32
		{153B1D81-ABB3-4D43-A60D-EF379CCDEF53}.Release|Mixed Platforms.ActiveCfg = Release|Win32
		{153B1D81-ABB3-4D43-A60D-EF379CCDEF53}.Release|Mixed Platforms.Build.0 = Release|Win32
		{153B1D81-ABB3-4D43-A60D-EF379CCDEF53}.Release|Win32.ActiveCfg = Release|Win32
		{153B1D81-ABB3-4D43-A60D-EF379CCDEF53}.Release|Win32.Build.0 = Release|Win32
		{153B1D81-ABB3-4D43-A60D-EF379CCDEF53}.Release|x64.ActiveCfg = Release|Win32
		{153B1D81-ABB3-4D43-A60D-EF379CCDEF53}.Release|x86.ActiveCfg = Release|Win32
		{153B1D81-ABB3-4D43-A60D-EF379CCDEF53}.Release|x86.Build.0 = Release|Win32
		{F9BD58B9-646E-4AD1-B072-9D8BEB876E93}.Debug|Any CPU.ActiveCfg = Debug|Any CPU
		{F9BD58B9-646E-4AD1-B072-9D8BEB876E93}.Debug|Any CPU.Build.0 = Debug|Any CPU
		{F9BD58B9-646E-4AD1-B072-9D8BEB876E93}.Debug|Mixed Platforms.ActiveCfg = Debug|Any CPU
		{F9BD58B9-646E-4AD1-B072-9D8BEB876E93}.Debug|Mixed Platforms.Build.0 = Debug|Any CPU
		{F9BD58B9-646E-4AD1-B072-9D8BEB876E93}.Debug|Win32.ActiveCfg = Debug|Any CPU
		{F9BD58B9-646E-4AD1-B072-9D8BEB876E93}.Debug|Win32.Build.0 = Debug|Any CPU
		{F9BD58B9-646E-4AD1-B072-9D8BEB876E93}.Debug|x64.ActiveCfg = Debug|Any CPU
		{F9BD58B9-646E-4AD1-B072-9D8BEB876E93}.Debug|x64.Build.0 = Debug|Any CPU
		{F9BD58B9-646E-4AD1-B072-9D8BEB876E93}.Debug|x86.ActiveCfg = Debug|Any CPU
		{F9BD58B9-646E-4AD1-B072-9D8BEB876E93}.Debug|x86.Build.0 = Debug|Any CPU
		{F9BD58B9-646E-4AD1-B072-9D8BEB876E93}.Release|Any CPU.ActiveCfg = Release|Any CPU
		{F9BD58B9-646E-4AD1-B072-9D8BEB876E93}.Release|Any CPU.Build.0 = Release|Any CPU
		{F9BD58B9-646E-4AD1-B072-9D8BEB876E93}.Release|Mixed Platforms.ActiveCfg = Release|Any CPU
		{F9BD58B9-646E-4AD1-B072-9D8BEB876E93}.Release|Mixed Platforms.Build.0 = Release|Any CPU
		{F9BD58B9-646E-4AD1-B072-9D8BEB876E93}.Release|Win32.ActiveCfg = Release|Any CPU
		{F9BD58B9-646E-4AD1-B072-9D8BEB876E93}.Release|Win32.Build.0 = Release|Any CPU
		{F9BD58B9-646E-4AD1-B072-9D8BEB876E93}.Release|x64.ActiveCfg = Release|Any CPU
		{F9BD58B9-646E-4AD1-B072-9D8BEB876E93}.Release|x64.Build.0 = Release|Any CPU
		{F9BD58B9-646E-4AD1-B072-9D8BEB876E93}.Release|x86.ActiveCfg = Release|Any CPU
		{F9BD58B9-646E-4AD1-B072-9D8BEB876E93}.Release|x86.Build.0 = Release|Any CPU
		{FD78F8C5-A16A-4605-9391-9FA74200442D}.Debug|Any CPU.ActiveCfg = Debug|Any CPU
		{FD78F8C5-A16A-4605-9391-9FA74200442D}.Debug|Any CPU.Build.0 = Debug|Any CPU
		{FD78F8C5-A16A-4605-9391-9FA74200442D}.Debug|Mixed Platforms.ActiveCfg = Debug|Any CPU
		{FD78F8C5-A16A-4605-9391-9FA74200442D}.Debug|Mixed Platforms.Build.0 = Debug|Any CPU
		{FD78F8C5-A16A-4605-9391-9FA74200442D}.Debug|Win32.ActiveCfg = Debug|Any CPU
		{FD78F8C5-A16A-4605-9391-9FA74200442D}.Debug|Win32.Build.0 = Debug|Any CPU
		{FD78F8C5-A16A-4605-9391-9FA74200442D}.Debug|x64.ActiveCfg = Debug|Any CPU
		{FD78F8C5-A16A-4605-9391-9FA74200442D}.Debug|x64.Build.0 = Debug|Any CPU
		{FD78F8C5-A16A-4605-9391-9FA74200442D}.Debug|x86.ActiveCfg = Debug|Any CPU
		{FD78F8C5-A16A-4605-9391-9FA74200442D}.Debug|x86.Build.0 = Debug|Any CPU
		{FD78F8C5-A16A-4605-9391-9FA74200442D}.Release|Any CPU.ActiveCfg = Release|Any CPU
		{FD78F8C5-A16A-4605-9391-9FA74200442D}.Release|Any CPU.Build.0 = Release|Any CPU
		{FD78F8C5-A16A-4605-9391-9FA74200442D}.Release|Mixed Platforms.ActiveCfg = Release|Any CPU
		{FD78F8C5-A16A-4605-9391-9FA74200442D}.Release|Mixed Platforms.Build.0 = Release|Any CPU
		{FD78F8C5-A16A-4605-9391-9FA74200442D}.Release|Win32.ActiveCfg = Release|Any CPU
		{FD78F8C5-A16A-4605-9391-9FA74200442D}.Release|Win32.Build.0 = Release|Any CPU
		{FD78F8C5-A16A-4605-9391-9FA74200442D}.Release|x64.ActiveCfg = Release|Any CPU
		{FD78F8C5-A16A-4605-9391-9FA74200442D}.Release|x64.Build.0 = Release|Any CPU
		{FD78F8C5-A16A-4605-9391-9FA74200442D}.Release|x86.ActiveCfg = Release|Any CPU
		{FD78F8C5-A16A-4605-9391-9FA74200442D}.Release|x86.Build.0 = Release|Any CPU
		{DE17E245-AD36-452A-9555-5EB5DDABD183}.Debug|Any CPU.ActiveCfg = Debug|Any CPU
		{DE17E245-AD36-452A-9555-5EB5DDABD183}.Debug|Any CPU.Build.0 = Debug|Any CPU
		{DE17E245-AD36-452A-9555-5EB5DDABD183}.Debug|Mixed Platforms.ActiveCfg = Debug|Any CPU
		{DE17E245-AD36-452A-9555-5EB5DDABD183}.Debug|Mixed Platforms.Build.0 = Debug|Any CPU
		{DE17E245-AD36-452A-9555-5EB5DDABD183}.Debug|Win32.ActiveCfg = Debug|Any CPU
		{DE17E245-AD36-452A-9555-5EB5DDABD183}.Debug|Win32.Build.0 = Debug|Any CPU
		{DE17E245-AD36-452A-9555-5EB5DDABD183}.Debug|x64.ActiveCfg = Debug|Any CPU
		{DE17E245-AD36-452A-9555-5EB5DDABD183}.Debug|x64.Build.0 = Debug|Any CPU
		{DE17E245-AD36-452A-9555-5EB5DDABD183}.Debug|x86.ActiveCfg = Debug|Any CPU
		{DE17E245-AD36-452A-9555-5EB5DDABD183}.Debug|x86.Build.0 = Debug|Any CPU
		{DE17E245-AD36-452A-9555-5EB5DDABD183}.Release|Any CPU.ActiveCfg = Release|Any CPU
		{DE17E245-AD36-452A-9555-5EB5DDABD183}.Release|Any CPU.Build.0 = Release|Any CPU
		{DE17E245-AD36-452A-9555-5EB5DDABD183}.Release|Mixed Platforms.ActiveCfg = Release|Any CPU
		{DE17E245-AD36-452A-9555-5EB5DDABD183}.Release|Mixed Platforms.Build.0 = Release|Any CPU
		{DE17E245-AD36-452A-9555-5EB5DDABD183}.Release|Win32.ActiveCfg = Release|Any CPU
		{DE17E245-AD36-452A-9555-5EB5DDABD183}.Release|Win32.Build.0 = Release|Any CPU
		{DE17E245-AD36-452A-9555-5EB5DDABD183}.Release|x64.ActiveCfg = Release|Any CPU
		{DE17E245-AD36-452A-9555-5EB5DDABD183}.Release|x64.Build.0 = Release|Any CPU
		{DE17E245-AD36-452A-9555-5EB5DDABD183}.Release|x86.ActiveCfg = Release|Any CPU
		{DE17E245-AD36-452A-9555-5EB5DDABD183}.Release|x86.Build.0 = Release|Any CPU
		{2C2FF23C-B3C4-4975-8F25-B97F90E8BFBF}.Debug|Any CPU.ActiveCfg = Debug|Any CPU
		{2C2FF23C-B3C4-4975-8F25-B97F90E8BFBF}.Debug|Any CPU.Build.0 = Debug|Any CPU
		{2C2FF23C-B3C4-4975-8F25-B97F90E8BFBF}.Debug|Mixed Platforms.ActiveCfg = Debug|Any CPU
		{2C2FF23C-B3C4-4975-8F25-B97F90E8BFBF}.Debug|Mixed Platforms.Build.0 = Debug|Any CPU
		{2C2FF23C-B3C4-4975-8F25-B97F90E8BFBF}.Debug|Win32.ActiveCfg = Debug|Any CPU
		{2C2FF23C-B3C4-4975-8F25-B97F90E8BFBF}.Debug|Win32.Build.0 = Debug|Any CPU
		{2C2FF23C-B3C4-4975-8F25-B97F90E8BFBF}.Debug|x64.ActiveCfg = Debug|Any CPU
		{2C2FF23C-B3C4-4975-8F25-B97F90E8BFBF}.Debug|x64.Build.0 = Debug|Any CPU
		{2C2FF23C-B3C4-4975-8F25-B97F90E8BFBF}.Debug|x86.ActiveCfg = Debug|Any CPU
		{2C2FF23C-B3C4-4975-8F25-B97F90E8BFBF}.Debug|x86.Build.0 = Debug|Any CPU
		{2C2FF23C-B3C4-4975-8F25-B97F90E8BFBF}.Release|Any CPU.ActiveCfg = Release|Any CPU
		{2C2FF23C-B3C4-4975-8F25-B97F90E8BFBF}.Release|Any CPU.Build.0 = Release|Any CPU
		{2C2FF23C-B3C4-4975-8F25-B97F90E8BFBF}.Release|Mixed Platforms.ActiveCfg = Release|Any CPU
		{2C2FF23C-B3C4-4975-8F25-B97F90E8BFBF}.Release|Mixed Platforms.Build.0 = Release|Any CPU
		{2C2FF23C-B3C4-4975-8F25-B97F90E8BFBF}.Release|Win32.ActiveCfg = Release|Any CPU
		{2C2FF23C-B3C4-4975-8F25-B97F90E8BFBF}.Release|Win32.Build.0 = Release|Any CPU
		{2C2FF23C-B3C4-4975-8F25-B97F90E8BFBF}.Release|x64.ActiveCfg = Release|Any CPU
		{2C2FF23C-B3C4-4975-8F25-B97F90E8BFBF}.Release|x64.Build.0 = Release|Any CPU
		{2C2FF23C-B3C4-4975-8F25-B97F90E8BFBF}.Release|x86.ActiveCfg = Release|Any CPU
		{2C2FF23C-B3C4-4975-8F25-B97F90E8BFBF}.Release|x86.Build.0 = Release|Any CPU
		{B820AFCE-2B60-4A57-A290-BF7D8A457EDD}.Debug|Any CPU.ActiveCfg = Debug|Any CPU
		{B820AFCE-2B60-4A57-A290-BF7D8A457EDD}.Debug|Any CPU.Build.0 = Debug|Any CPU
		{B820AFCE-2B60-4A57-A290-BF7D8A457EDD}.Debug|Mixed Platforms.ActiveCfg = Debug|Any CPU
		{B820AFCE-2B60-4A57-A290-BF7D8A457EDD}.Debug|Mixed Platforms.Build.0 = Debug|Any CPU
		{B820AFCE-2B60-4A57-A290-BF7D8A457EDD}.Debug|Win32.ActiveCfg = Debug|Any CPU
		{B820AFCE-2B60-4A57-A290-BF7D8A457EDD}.Debug|Win32.Build.0 = Debug|Any CPU
		{B820AFCE-2B60-4A57-A290-BF7D8A457EDD}.Debug|x64.ActiveCfg = Debug|Any CPU
		{B820AFCE-2B60-4A57-A290-BF7D8A457EDD}.Debug|x64.Build.0 = Debug|Any CPU
		{B820AFCE-2B60-4A57-A290-BF7D8A457EDD}.Debug|x86.ActiveCfg = Debug|Any CPU
		{B820AFCE-2B60-4A57-A290-BF7D8A457EDD}.Debug|x86.Build.0 = Debug|Any CPU
		{B820AFCE-2B60-4A57-A290-BF7D8A457EDD}.Release|Any CPU.ActiveCfg = Release|Any CPU
		{B820AFCE-2B60-4A57-A290-BF7D8A457EDD}.Release|Any CPU.Build.0 = Release|Any CPU
		{B820AFCE-2B60-4A57-A290-BF7D8A457EDD}.Release|Mixed Platforms.ActiveCfg = Release|Any CPU
		{B820AFCE-2B60-4A57-A290-BF7D8A457EDD}.Release|Mixed Platforms.Build.0 = Release|Any CPU
		{B820AFCE-2B60-4A57-A290-BF7D8A457EDD}.Release|Win32.ActiveCfg = Release|Any CPU
		{B820AFCE-2B60-4A57-A290-BF7D8A457EDD}.Release|Win32.Build.0 = Release|Any CPU
		{B820AFCE-2B60-4A57-A290-BF7D8A457EDD}.Release|x64.ActiveCfg = Release|Any CPU
		{B820AFCE-2B60-4A57-A290-BF7D8A457EDD}.Release|x64.Build.0 = Release|Any CPU
		{B820AFCE-2B60-4A57-A290-BF7D8A457EDD}.Release|x86.ActiveCfg = Release|Any CPU
		{B820AFCE-2B60-4A57-A290-BF7D8A457EDD}.Release|x86.Build.0 = Release|Any CPU
		{272C4F5A-FD26-4A59-8EAA-EDE2CB574A15}.Debug|Any CPU.ActiveCfg = Debug|Win32
		{272C4F5A-FD26-4A59-8EAA-EDE2CB574A15}.Debug|Mixed Platforms.ActiveCfg = Debug|Win32
		{272C4F5A-FD26-4A59-8EAA-EDE2CB574A15}.Debug|Mixed Platforms.Build.0 = Debug|Win32
		{272C4F5A-FD26-4A59-8EAA-EDE2CB574A15}.Debug|Win32.ActiveCfg = Debug|Win32
		{272C4F5A-FD26-4A59-8EAA-EDE2CB574A15}.Debug|Win32.Build.0 = Debug|Win32
		{272C4F5A-FD26-4A59-8EAA-EDE2CB574A15}.Debug|x64.ActiveCfg = Debug|Win32
		{272C4F5A-FD26-4A59-8EAA-EDE2CB574A15}.Debug|x86.ActiveCfg = Debug|Win32
		{272C4F5A-FD26-4A59-8EAA-EDE2CB574A15}.Debug|x86.Build.0 = Debug|Win32
		{272C4F5A-FD26-4A59-8EAA-EDE2CB574A15}.Release|Any CPU.ActiveCfg = Release|Win32
		{272C4F5A-FD26-4A59-8EAA-EDE2CB574A15}.Release|Mixed Platforms.ActiveCfg = Release|Win32
		{272C4F5A-FD26-4A59-8EAA-EDE2CB574A15}.Release|Mixed Platforms.Build.0 = Release|Win32
		{272C4F5A-FD26-4A59-8EAA-EDE2CB574A15}.Release|Win32.ActiveCfg = Release|Win32
		{272C4F5A-FD26-4A59-8EAA-EDE2CB574A15}.Release|Win32.Build.0 = Release|Win32
		{272C4F5A-FD26-4A59-8EAA-EDE2CB574A15}.Release|x64.ActiveCfg = Release|Win32
		{272C4F5A-FD26-4A59-8EAA-EDE2CB574A15}.Release|x86.ActiveCfg = Release|Win32
		{272C4F5A-FD26-4A59-8EAA-EDE2CB574A15}.Release|x86.Build.0 = Release|Win32
		{B4EF51EB-2761-466D-ADCE-C98F7E16579D}.Debug|Any CPU.ActiveCfg = Debug|Any CPU
		{B4EF51EB-2761-466D-ADCE-C98F7E16579D}.Debug|Any CPU.Build.0 = Debug|Any CPU
		{B4EF51EB-2761-466D-ADCE-C98F7E16579D}.Debug|Mixed Platforms.ActiveCfg = Debug|x86
		{B4EF51EB-2761-466D-ADCE-C98F7E16579D}.Debug|Mixed Platforms.Build.0 = Debug|x86
		{B4EF51EB-2761-466D-ADCE-C98F7E16579D}.Debug|Win32.ActiveCfg = Debug|x86
		{B4EF51EB-2761-466D-ADCE-C98F7E16579D}.Debug|Win32.Build.0 = Debug|x86
		{B4EF51EB-2761-466D-ADCE-C98F7E16579D}.Debug|x64.ActiveCfg = Debug|Any CPU
		{B4EF51EB-2761-466D-ADCE-C98F7E16579D}.Debug|x64.Build.0 = Debug|Any CPU
		{B4EF51EB-2761-466D-ADCE-C98F7E16579D}.Debug|x86.ActiveCfg = Debug|x86
		{B4EF51EB-2761-466D-ADCE-C98F7E16579D}.Debug|x86.Build.0 = Debug|x86
		{B4EF51EB-2761-466D-ADCE-C98F7E16579D}.Release|Any CPU.ActiveCfg = Release|Any CPU
		{B4EF51EB-2761-466D-ADCE-C98F7E16579D}.Release|Any CPU.Build.0 = Release|Any CPU
		{B4EF51EB-2761-466D-ADCE-C98F7E16579D}.Release|Mixed Platforms.ActiveCfg = Release|x86
		{B4EF51EB-2761-466D-ADCE-C98F7E16579D}.Release|Mixed Platforms.Build.0 = Release|x86
		{B4EF51EB-2761-466D-ADCE-C98F7E16579D}.Release|Win32.ActiveCfg = Release|x86
		{B4EF51EB-2761-466D-ADCE-C98F7E16579D}.Release|Win32.Build.0 = Release|x86
		{B4EF51EB-2761-466D-ADCE-C98F7E16579D}.Release|x64.ActiveCfg = Release|Any CPU
		{B4EF51EB-2761-466D-ADCE-C98F7E16579D}.Release|x64.Build.0 = Release|Any CPU
		{B4EF51EB-2761-466D-ADCE-C98F7E16579D}.Release|x86.ActiveCfg = Release|x86
		{B4EF51EB-2761-466D-ADCE-C98F7E16579D}.Release|x86.Build.0 = Release|x86
		{48FE6D15-E639-44AE-81D5-D88D89C8C4A6}.Debug|Any CPU.ActiveCfg = Debug|Any CPU
		{48FE6D15-E639-44AE-81D5-D88D89C8C4A6}.Debug|Any CPU.Build.0 = Debug|Any CPU
		{48FE6D15-E639-44AE-81D5-D88D89C8C4A6}.Debug|Mixed Platforms.ActiveCfg = Debug|Any CPU
		{48FE6D15-E639-44AE-81D5-D88D89C8C4A6}.Debug|Mixed Platforms.Build.0 = Debug|Any CPU
		{48FE6D15-E639-44AE-81D5-D88D89C8C4A6}.Debug|Win32.ActiveCfg = Debug|Any CPU
		{48FE6D15-E639-44AE-81D5-D88D89C8C4A6}.Debug|Win32.Build.0 = Debug|Any CPU
		{48FE6D15-E639-44AE-81D5-D88D89C8C4A6}.Debug|x64.ActiveCfg = Debug|Any CPU
		{48FE6D15-E639-44AE-81D5-D88D89C8C4A6}.Debug|x64.Build.0 = Debug|Any CPU
		{48FE6D15-E639-44AE-81D5-D88D89C8C4A6}.Debug|x86.ActiveCfg = Debug|Any CPU
		{48FE6D15-E639-44AE-81D5-D88D89C8C4A6}.Debug|x86.Build.0 = Debug|Any CPU
		{48FE6D15-E639-44AE-81D5-D88D89C8C4A6}.Release|Any CPU.ActiveCfg = Release|Any CPU
		{48FE6D15-E639-44AE-81D5-D88D89C8C4A6}.Release|Any CPU.Build.0 = Release|Any CPU
		{48FE6D15-E639-44AE-81D5-D88D89C8C4A6}.Release|Mixed Platforms.ActiveCfg = Release|Any CPU
		{48FE6D15-E639-44AE-81D5-D88D89C8C4A6}.Release|Mixed Platforms.Build.0 = Release|Any CPU
		{48FE6D15-E639-44AE-81D5-D88D89C8C4A6}.Release|Win32.ActiveCfg = Release|Any CPU
		{48FE6D15-E639-44AE-81D5-D88D89C8C4A6}.Release|Win32.Build.0 = Release|Any CPU
		{48FE6D15-E639-44AE-81D5-D88D89C8C4A6}.Release|x64.ActiveCfg = Release|Any CPU
		{48FE6D15-E639-44AE-81D5-D88D89C8C4A6}.Release|x64.Build.0 = Release|Any CPU
		{48FE6D15-E639-44AE-81D5-D88D89C8C4A6}.Release|x86.ActiveCfg = Release|Any CPU
		{48FE6D15-E639-44AE-81D5-D88D89C8C4A6}.Release|x86.Build.0 = Release|Any CPU
	EndGlobalSection
	GlobalSection(SolutionProperties) = preSolution
		HideSolutionNode = FALSE
	EndGlobalSection
	GlobalSection(NestedProjects) = preSolution
		{24E79FC6-7777-4BE5-8F11-8C53E109D745} = {D927C569-84A0-4663-AA24-2C7272695BD7}
		{32D8CB30-CA97-4516-9114-121667C06013} = {9B621DFB-41D8-45E2-9395-20A136D7A161}
		{6119FBE1-E922-48F5-AAD2-B2E6B577C227} = {9B621DFB-41D8-45E2-9395-20A136D7A161}
		{38988610-F24B-4D5D-A51C-883629D197EE} = {9B621DFB-41D8-45E2-9395-20A136D7A161}
		{9D94A904-FE28-4616-A371-4D4110BDD3FC} = {9B621DFB-41D8-45E2-9395-20A136D7A161}
		{EE757BA9-3018-40F6-A4BF-B801DD65FF66} = {55D3302D-F7A7-40D9-8DAF-7072F171C6A6}
		{ED75AD9C-F1D0-40A9-A909-8CF696DE0410} = {9B621DFB-41D8-45E2-9395-20A136D7A161}
		{72A87F34-68CE-430A-8047-970E5EEDDD81} = {9B621DFB-41D8-45E2-9395-20A136D7A161}
		{C8587602-0BE2-4D57-8A1D-1EBCDD5878B6} = {9B621DFB-41D8-45E2-9395-20A136D7A161}
		{8AE47684-3371-4CB3-AA73-A7E5CC6570CB} = {9B621DFB-41D8-45E2-9395-20A136D7A161}
		{8B1EB1AF-9926-4AF4-9F01-A35C6DDD34A9} = {55D3302D-F7A7-40D9-8DAF-7072F171C6A6}
		{6CD1F565-54CF-4496-96E9-E43FDD5CC61F} = {64CF1144-E643-48C9-B4FE-C41D9F3B86A9}
		{3639690A-4D81-4085-BD25-27EBB4CB33A3} = {9B621DFB-41D8-45E2-9395-20A136D7A161}
		{8FF31C47-6E0D-4C28-9569-1251475C02CA} = {9B621DFB-41D8-45E2-9395-20A136D7A161}
		{F40425D4-C8DF-4200-9ABC-F181519671CA} = {5D500B72-555F-403D-B5D2-D28B411A2156}
		{D449D92E-27B1-4995-98FB-3BB706F22171} = {F0BE4CF8-A82C-4558-B0FB-E802C7EDA714}
		{613CC690-9772-4A80-8F08-EF9435D471F6} = {E383DDA1-3321-4DDC-92A3-5023580F807B}
		{F0BE4CF8-A82C-4558-B0FB-E802C7EDA714} = {E383DDA1-3321-4DDC-92A3-5023580F807B}
		{E49DF12A-F849-4EE4-A47B-B2A02BA4DB44} = {F0BE4CF8-A82C-4558-B0FB-E802C7EDA714}
		{E383DDA1-3321-4DDC-92A3-5023580F807B} = {55D3302D-F7A7-40D9-8DAF-7072F171C6A6}
		{E30FA5DF-3DBB-41B1-A325-27D478757FFB} = {E383DDA1-3321-4DDC-92A3-5023580F807B}
		{A0D09316-FC10-46A0-95C4-4E37F9BD78DF} = {55D3302D-F7A7-40D9-8DAF-7072F171C6A6}
		{F96AC5EF-0EF7-4224-B088-BD864BA0F293} = {F0BE4CF8-A82C-4558-B0FB-E802C7EDA714}
		{153B1D81-ABB3-4D43-A60D-EF379CCDEF53} = {64CF1144-E643-48C9-B4FE-C41D9F3B86A9}
		{F9BD58B9-646E-4AD1-B072-9D8BEB876E93} = {9B621DFB-41D8-45E2-9395-20A136D7A161}
		{FD78F8C5-A16A-4605-9391-9FA74200442D} = {F0BE4CF8-A82C-4558-B0FB-E802C7EDA714}
		{DE17E245-AD36-452A-9555-5EB5DDABD183} = {F0BE4CF8-A82C-4558-B0FB-E802C7EDA714}
		{2C2FF23C-B3C4-4975-8F25-B97F90E8BFBF} = {F0BE4CF8-A82C-4558-B0FB-E802C7EDA714}
		{B820AFCE-2B60-4A57-A290-BF7D8A457EDD} = {9B621DFB-41D8-45E2-9395-20A136D7A161}
		{272C4F5A-FD26-4A59-8EAA-EDE2CB574A15} = {64CF1144-E643-48C9-B4FE-C41D9F3B86A9}
		{B4EF51EB-2761-466D-ADCE-C98F7E16579D} = {55D3302D-F7A7-40D9-8DAF-7072F171C6A6}
		{48FE6D15-E639-44AE-81D5-D88D89C8C4A6} = {5D500B72-555F-403D-B5D2-D28B411A2156}
	EndGlobalSection
EndGlobal
